
Microsoft Visual Studio Solution File, Format Version 12.00
# Visual Studio 14
VisualStudioVersion = 14.0.25420.1
MinimumVisualStudioVersion = 10.0.40219.1
Project("{888888A0-9F3D-457C-B088-3A5042F75D52}") = "NBACrawler", "NBACrawler\NBACrawler.pyproj", "{A46FB57F-30CB-4F83-AA1C-F9E9C04B46CE}"
EndProject
Global
	GlobalSection(SolutionConfigurationPlatforms) = preSolution
		Debug|Any CPU = Debug|Any CPU
		Release|Any CPU = Release|Any CPU
	EndGlobalSection
	GlobalSection(ProjectConfigurationPlatforms) = postSolution
		{A46FB57F-30CB-4F83-AA1C-F9E9C04B46CE}.Debug|Any CPU.ActiveCfg = Debug|Any CPU
		{A46FB57F-30CB-4F83-AA1C-F9E9C04B46CE}.Release|Any CPU.ActiveCfg = Release|Any CPU
	EndGlobalSection
	GlobalSection(SolutionProperties) = preSolution
		HideSolutionNode = FALSE
	EndGlobalSection
EndGlobal
